
Microsoft Visual Studio Solution File, Format Version 12.00
# Visual Studio Version 17
VisualStudioVersion = 17.2.32616.157
MinimumVisualStudioVersion = 10.0.40219.1
Project("{FAE04EC0-301F-11D3-BF4B-00C04F79EFBC}") = "Kanye-Rest", "Kanye-Rest\Kanye-Rest.csproj", "{0405EBCE-0741-491A-8457-75E537E92EAF}"
EndProject
Global
	GlobalSection(SolutionConfigurationPlatforms) = preSolution
		Debug|Any CPU = Debug|Any CPU
		Release|Any CPU = Release|Any CPU
	EndGlobalSection
	GlobalSection(ProjectConfigurationPlatforms) = postSolution
		{0405EBCE-0741-491A-8457-75E537E92EAF}.Debug|Any CPU.ActiveCfg = Debug|Any CPU
		{0405EBCE-0741-491A-8457-75E537E92EAF}.Debug|Any CPU.Build.0 = Debug|Any CPU
		{0405EBCE-0741-491A-8457-75E537E92EAF}.Release|Any CPU.ActiveCfg = Release|Any CPU
		{0405EBCE-0741-491A-8457-75E537E92EAF}.Release|Any CPU.Build.0 = Release|Any CPU
	EndGlobalSection
	GlobalSection(SolutionProperties) = preSolution
		HideSolutionNode = FALSE
	EndGlobalSection
	GlobalSection(ExtensibilityGlobals) = postSolution
		SolutionGuid = {711FFCA7-DA61-488C-A385-64B22BC36E9F}
	EndGlobalSection
EndGlobal
